// !$*UTF8*$!
{
	archiveVersion = 1;
	classes = {
	};
	objectVersion = 46;
	objects = {

/* Begin PBXBuildFile section */
		B12BCA771AAD79720050F2E1 /* main.m in Sources */ = {isa = PBXBuildFile; fileRef = B12BCA761AAD79720050F2E1 /* main.m */; };
		B12BCA7A1AAD79720050F2E1 /* AppDelegate.m in Sources */ = {isa = PBXBuildFile; fileRef = B12BCA791AAD79720050F2E1 /* AppDelegate.m */; };
		B12BCA7D1AAD79720050F2E1 /* Happiness.xcdatamodeld in Sources */ = {isa = PBXBuildFile; fileRef = B12BCA7B1AAD79720050F2E1 /* Happiness.xcdatamodeld */; };
		B12BCA801AAD79720050F2E1 /* ViewController.m in Sources */ = {isa = PBXBuildFile; fileRef = B12BCA7F1AAD79720050F2E1 /* ViewController.m */; };
		B12BCA831AAD79720050F2E1 /* Main.storyboard in Resources */ = {isa = PBXBuildFile; fileRef = B12BCA811AAD79720050F2E1 /* Main.storyboard */; };
		B12BCA851AAD79720050F2E1 /* Images.xcassets in Resources */ = {isa = PBXBuildFile; fileRef = B12BCA841AAD79720050F2E1 /* Images.xcassets */; };
		B12BCA881AAD79720050F2E1 /* LaunchScreen.xib in Resources */ = {isa = PBXBuildFile; fileRef = B12BCA861AAD79720050F2E1 /* LaunchScreen.xib */; };
		B12BCA941AAD79720050F2E1 /* HappinessTests.m in Sources */ = {isa = PBXBuildFile; fileRef = B12BCA931AAD79720050F2E1 /* HappinessTests.m */; };
		B12BCA9F1AAD7BD60050F2E1 /* FaceView.m in Sources */ = {isa = PBXBuildFile; fileRef = B12BCA9E1AAD7BD60050F2E1 /* FaceView.m */; };
/* End PBXBuildFile section */

/* Begin PBXContainerItemProxy section */
		B12BCA8E1AAD79720050F2E1 /* PBXContainerItemProxy */ = {
			isa = PBXContainerItemProxy;
			containerPortal = B12BCA691AAD79720050F2E1 /* Project object */;
			proxyType = 1;
			remoteGlobalIDString = B12BCA701AAD79720050F2E1;
			remoteInfo = Happiness;
		};
/* End PBXContainerItemProxy section */

/* Begin PBXFileReference section */
		B12BCA711AAD79720050F2E1 /* Happiness.app */ = {isa = PBXFileReference; explicitFileType = wrapper.application; includeInIndex = 0; path = Happiness.app; sourceTree = BUILT_PRODUCTS_DIR; };
		B12BCA751AAD79720050F2E1 /* Info.plist */ = {isa = PBXFileReference; lastKnownFileType = text.plist.xml; path = Info.plist; sourceTree = "<group>"; };
		B12BCA761AAD79720050F2E1 /* main.m */ = {isa = PBXFileReference; lastKnownFileType = sourcecode.c.objc; path = main.m; sourceTree = "<group>"; };
		B12BCA781AAD79720050F2E1 /* AppDelegate.h */ = {isa = PBXFileReference; lastKnownFileType = sourcecode.c.h; path = AppDelegate.h; sourceTree = "<group>"; };
		B12BCA791AAD79720050F2E1 /* AppDelegate.m */ = {isa = PBXFileReference; lastKnownFileType = sourcecode.c.objc; path = AppDelegate.m; sourceTree = "<group>"; };
		B12BCA7C1AAD79720050F2E1 /* Happiness.xcdatamodel */ = {isa = PBXFileReference; lastKnownFileType = wrapper.xcdatamodel; path = Happiness.xcdatamodel; sourceTree = "<group>"; };
		B12BCA7E1AAD79720050F2E1 /* ViewController.h */ = {isa = PBXFileReference; lastKnownFileType = sourcecode.c.h; path = ViewController.h; sourceTree = "<group>"; };
		B12BCA7F1AAD79720050F2E1 /* ViewController.m */ = {isa = PBXFileReference; lastKnownFileType = sourcecode.c.objc; path = ViewController.m; sourceTree = "<group>"; };
		B12BCA821AAD79720050F2E1 /* Base */ = {isa = PBXFileReference; lastKnownFileType = file.storyboard; name = Base; path = Base.lproj/Main.storyboard; sourceTree = "<group>"; };
		B12BCA841AAD79720050F2E1 /* Images.xcassets */ = {isa = PBXFileReference; lastKnownFileType = folder.assetcatalog; path = Images.xcassets; sourceTree = "<group>"; };
		B12BCA871AAD79720050F2E1 /* Base */ = {isa = PBXFileReference; lastKnownFileType = file.xib; name = Base; path = Base.lproj/LaunchScreen.xib; sourceTree = "<group>"; };
		B12BCA8D1AAD79720050F2E1 /* HappinessTests.xctest */ = {isa = PBXFileReference; explicitFileType = wrapper.cfbundle; includeInIndex = 0; path = HappinessTests.xctest; sourceTree = BUILT_PRODUCTS_DIR; };
		B12BCA921AAD79720050F2E1 /* Info.plist */ = {isa = PBXFileReference; lastKnownFileType = text.plist.xml; path = Info.plist; sourceTree = "<group>"; };
		B12BCA931AAD79720050F2E1 /* HappinessTests.m */ = {isa = PBXFileReference; lastKnownFileType = sourcecode.c.objc; path = HappinessTests.m; sourceTree = "<group>"; };
		B12BCA9D1AAD7BD60050F2E1 /* FaceView.h */ = {isa = PBXFileReference; fileEncoding = 4; lastKnownFileType = sourcecode.c.h; path = FaceView.h; sourceTree = "<group>"; };
		B12BCA9E1AAD7BD60050F2E1 /* FaceView.m */ = {isa = PBXFileReference; fileEncoding = 4; lastKnownFileType = sourcecode.c.objc; path = FaceView.m; sourceTree = "<group>"; };
/* End PBXFileReference section */

/* Begin PBXFrameworksBuildPhase section */
		B12BCA6E1AAD79720050F2E1 /* Frameworks */ = {
			isa = PBXFrameworksBuildPhase;
			buildActionMask = 2147483647;
			files = (
			);
			runOnlyForDeploymentPostprocessing = 0;
		};
		B12BCA8A1AAD79720050F2E1 /* Frameworks */ = {
			isa = PBXFrameworksBuildPhase;
			buildActionMask = 2147483647;
			files = (
			);
			runOnlyForDeploymentPostprocessing = 0;
		};
/* End PBXFrameworksBuildPhase section */

/* Begin PBXGroup section */
		B12BCA681AAD79720050F2E1 = {
			isa = PBXGroup;
			children = (
				B12BCA731AAD79720050F2E1 /* Happiness */,
				B12BCA901AAD79720050F2E1 /* HappinessTests */,
				B12BCA721AAD79720050F2E1 /* Products */,
			);
			sourceTree = "<group>";
		};
		B12BCA721AAD79720050F2E1 /* Products */ = {
			isa = PBXGroup;
			children = (
				B12BCA711AAD79720050F2E1 /* Happiness.app */,
				B12BCA8D1AAD79720050F2E1 /* HappinessTests.xctest */,
			);
			name = Products;
			sourceTree = "<group>";
		};
		B12BCA731AAD79720050F2E1 /* Happiness */ = {
			isa = PBXGroup;
			children = (
				B12BCA781AAD79720050F2E1 /* AppDelegate.h */,
				B12BCA791AAD79720050F2E1 /* AppDelegate.m */,
				B12BCA7E1AAD79720050F2E1 /* ViewController.h */,
				B12BCA7F1AAD79720050F2E1 /* ViewController.m */,
				B12BCA9D1AAD7BD60050F2E1 /* FaceView.h */,
				B12BCA9E1AAD7BD60050F2E1 /* FaceView.m */,
				B12BCA811AAD79720050F2E1 /* Main.storyboard */,
				B12BCA841AAD79720050F2E1 /* Images.xcassets */,
				B12BCA861AAD79720050F2E1 /* LaunchScreen.xib */,
				B12BCA7B1AAD79720050F2E1 /* Happiness.xcdatamodeld */,
				B12BCA741AAD79720050F2E1 /* Supporting Files */,
			);
			path = Happiness;
			sourceTree = "<group>";
		};
		B12BCA741AAD79720050F2E1 /* Supporting Files */ = {
			isa = PBXGroup;
			children = (
				B12BCA751AAD79720050F2E1 /* Info.plist */,
				B12BCA761AAD79720050F2E1 /* main.m */,
			);
			name = "Supporting Files";
			sourceTree = "<group>";
		};
		B12BCA901AAD79720050F2E1 /* HappinessTests */ = {
			isa = PBXGroup;
			children = (
				B12BCA931AAD79720050F2E1 /* HappinessTests.m */,
				B12BCA911AAD79720050F2E1 /* Supporting Files */,
			);
			path = HappinessTests;
			sourceTree = "<group>";
		};
		B12BCA911AAD79720050F2E1 /* Supporting Files */ = {
			isa = PBXGroup;
			children = (
				B12BCA921AAD79720050F2E1 /* Info.plist */,
			);
			name = "Supporting Files";
			sourceTree = "<group>";
		};
/* End PBXGroup section */

/* Begin PBXNativeTarget section */
		B12BCA701AAD79720050F2E1 /* Happiness */ = {
			isa = PBXNativeTarget;
			buildConfigurationList = B12BCA971AAD79720050F2E1 /* Build configuration list for PBXNativeTarget "Happiness" */;
			buildPhases = (
				B12BCA6D1AAD79720050F2E1 /* Sources */,
				B12BCA6E1AAD79720050F2E1 /* Frameworks */,
				B12BCA6F1AAD79720050F2E1 /* Resources */,
			);
			buildRules = (
			);
			dependencies = (
			);
			name = Happiness;
			productName = Happiness;
			productReference = B12BCA711AAD79720050F2E1 /* Happiness.app */;
			productType = "com.apple.product-type.application";
		};
		B12BCA8C1AAD79720050F2E1 /* HappinessTests */ = {
			isa = PBXNativeTarget;
			buildConfigurationList = B12BCA9A1AAD79720050F2E1 /* Build configuration list for PBXNativeTarget "HappinessTests" */;
			buildPhases = (
				B12BCA891AAD79720050F2E1 /* Sources */,
				B12BCA8A1AAD79720050F2E1 /* Frameworks */,
				B12BCA8B1AAD79720050F2E1 /* Resources */,
			);
			buildRules = (
			);
			dependencies = (
				B12BCA8F1AAD79720050F2E1 /* PBXTargetDependency */,
			);
			name = HappinessTests;
			productName = HappinessTests;
			productReference = B12BCA8D1AAD79720050F2E1 /* HappinessTests.xctest */;
			productType = "com.apple.product-type.bundle.unit-test";
		};
/* End PBXNativeTarget section */

/* Begin PBXProject section */
		B12BCA691AAD79720050F2E1 /* Project object */ = {
			isa = PBXProject;
			attributes = {
				LastUpgradeCheck = 0610;
				ORGANIZATIONNAME = Tracy;
				TargetAttributes = {
					B12BCA701AAD79720050F2E1 = {
						CreatedOnToolsVersion = 6.1.1;
					};
					B12BCA8C1AAD79720050F2E1 = {
						CreatedOnToolsVersion = 6.1.1;
						TestTargetID = B12BCA701AAD79720050F2E1;
					};
				};
			};
			buildConfigurationList = B12BCA6C1AAD79720050F2E1 /* Build configuration list for PBXProject "Happiness" */;
			compatibilityVersion = "Xcode 3.2";
			developmentRegion = English;
			hasScannedForEncodings = 0;
			knownRegions = (
				en,
				Base,
			);
			mainGroup = B12BCA681AAD79720050F2E1;
			productRefGroup = B12BCA721AAD79720050F2E1 /* Products */;
			projectDirPath = "";
			projectRoot = "";
			targets = (
				B12BCA701AAD79720050F2E1 /* Happiness */,
				B12BCA8C1AAD79720050F2E1 /* HappinessTests */,
			);
		};
/* End PBXProject section */

/* Begin PBXResourcesBuildPhase section */
		B12BCA6F1AAD79720050F2E1 /* Resources */ = {
			isa = PBXResourcesBuildPhase;
			buildActionMask = 2147483647;
			files = (
				B12BCA831AAD79720050F2E1 /* Main.storyboard in Resources */,
				B12BCA881AAD79720050F2E1 /* LaunchScreen.xib in Resources */,
				B12BCA851AAD79720050F2E1 /* Images.xcassets in Resources */,
			);
			runOnlyForDeploymentPostprocessing = 0;
		};
		B12BCA8B1AAD79720050F2E1 /* Resources */ = {
			isa = PBXResourcesBuildPhase;
			buildActionMask = 2147483647;
			files = (
			);
			runOnlyForDeploymentPostprocessing = 0;
		};
/* End PBXResourcesBuildPhase section */

/* Begin PBXSourcesBuildPhase section */
		B12BCA6D1AAD79720050F2E1 /* Sources */ = {
			isa = PBXSourcesBuildPhase;
			buildActionMask = 2147483647;
			files = (
				B12BCA7A1AAD79720050F2E1 /* AppDelegate.m in Sources */,
				B12BCA7D1AAD79720050F2E1 /* Happiness.xcdatamodeld in Sources */,
				B12BCA9F1AAD7BD60050F2E1 /* FaceView.m in Sources */,
				B12BCA801AAD79720050F2E1 /* ViewController.m in Sources */,
				B12BCA771AAD79720050F2E1 /* main.m in Sources */,
			);
			runOnlyForDeploymentPostprocessing = 0;
		};
		B12BCA891AAD79720050F2E1 /* Sources */ = {
			isa = PBXSourcesBuildPhase;
			buildActionMask = 2147483647;
			files = (
				B12BCA941AAD79720050F2E1 /* HappinessTests.m in Sources */,
			);
			runOnlyForDeploymentPostprocessing = 0;
		};
/* End PBXSourcesBuildPhase section */

/* Begin PBXTargetDependency section */
		B12BCA8F1AAD79720050F2E1 /* PBXTargetDependency */ = {
			isa = PBXTargetDependency;
			target = B12BCA701AAD79720050F2E1 /* Happiness */;
			targetProxy = B12BCA8E1AAD79720050F2E1 /* PBXContainerItemProxy */;
		};
/* End PBXTargetDependency section */

/* Begin PBXVariantGroup section */
		B12BCA811AAD79720050F2E1 /* Main.storyboard */ = {
			isa = PBXVariantGroup;
			children = (
				B12BCA821AAD79720050F2E1 /* Base */,
			);
			name = Main.storyboard;
			sourceTree = "<group>";
		};
		B12BCA861AAD79720050F2E1 /* LaunchScreen.xib */ = {
			isa = PBXVariantGroup;
			children = (
				B12BCA871AAD79720050F2E1 /* Base */,
			);
			name = LaunchScreen.xib;
			sourceTree = "<group>";
		};
/* End PBXVariantGroup section */

/* Begin XCBuildConfiguration section */
		B12BCA951AAD79720050F2E1 /* Debug */ = {
			isa = XCBuildConfiguration;
			buildSettings = {
				ALWAYS_SEARCH_USER_PATHS = NO;
				CLANG_CXX_LANGUAGE_STANDARD = "gnu++0x";
				CLANG_CXX_LIBRARY = "libc++";
				CLANG_ENABLE_MODULES = YES;
				CLANG_ENABLE_OBJC_ARC = YES;
				CLANG_WARN_BOOL_CONVERSION = YES;
				CLANG_WARN_CONSTANT_CONVERSION = YES;
				CLANG_WARN_DIRECT_OBJC_ISA_USAGE = YES_ERROR;
				CLANG_WARN_EMPTY_BODY = YES;
				CLANG_WARN_ENUM_CONVERSION = YES;
				CLANG_WARN_INT_CONVERSION = YES;
				CLANG_WARN_OBJC_ROOT_CLASS = YES_ERROR;
				CLANG_WARN_UNREACHABLE_CODE = YES;
				CLANG_WARN__DUPLICATE_METHOD_MATCH = YES;
				"CODE_SIGN_IDENTITY[sdk=iphoneos*]" = "iPhone Developer";
				COPY_PHASE_STRIP = NO;
				ENABLE_STRICT_OBJC_MSGSEND = YES;
				GCC_C_LANGUAGE_STANDARD = gnu99;
				GCC_DYNAMIC_NO_PIC = NO;
				GCC_OPTIMIZATION_LEVEL = 0;
				GCC_PREPROCESSOR_DEFINITIONS = (
					"DEBUG=1",
					"$(inherited)",
				);
				GCC_SYMBOLS_PRIVATE_EXTERN = NO;
				GCC_WARN_64_TO_32_BIT_CONVERSION = YES;
				GCC_WARN_ABOUT_RETURN_TYPE = YES_ERROR;
				GCC_WARN_UNDECLARED_SELECTOR = YES;
				GCC_WARN_UNINITIALIZED_AUTOS = YES_AGGRESSIVE;
				GCC_WARN_UNUSED_FUNCTION = YES;
				GCC_WARN_UNUSED_VARIABLE = YES;
				IPHONEOS_DEPLOYMENT_TARGET = 8.1;
				MTL_ENABLE_DEBUG_INFO = YES;
				ONLY_ACTIVE_ARCH = YES;
				SDKROOT = iphoneos;
			};
			name = Debug;
		};
		B12BCA961AAD79720050F2E1 /* Release */ = {
			isa = XCBuildConfiguration;
			buildSettings = {
				ALWAYS_SEARCH_USER_PATHS = NO;
				CLANG_CXX_LANGUAGE_STANDARD = "gnu++0x";
				CLANG_CXX_LIBRARY = "libc++";
				CLANG_ENABLE_MODULES = YES;
				CLANG_ENABLE_OBJC_ARC = YES;
				CLANG_WARN_BOOL_CONVERSION = YES;
				CLANG_WARN_CONSTANT_CONVERSION = YES;
				CLANG_WARN_DIRECT_OBJC_ISA_USAGE = YES_ERROR;
				CLANG_WARN_EMPTY_BODY = YES;
				CLANG_WARN_ENUM_CONVERSION = YES;
				CLANG_WARN_INT_CONVERSION = YES;
				CLANG_WARN_OBJC_ROOT_CLASS = YES_ERROR;
				CLANG_WARN_UNREACHABLE_CODE = YES;
				CLANG_WARN__DUPLICATE_METHOD_MATCH = YES;
				"CODE_SIGN_IDENTITY[sdk=iphoneos*]" = "iPhone Developer";
				COPY_PHASE_STRIP = YES;
				ENABLE_NS_ASSERTIONS = NO;
				ENABLE_STRICT_OBJC_MSGSEND = YES;
				GCC_C_LANGUAGE_STANDARD = gnu99;
				GCC_WARN_64_TO_32_BIT_CONVERSION = YES;
				GCC_WARN_ABOUT_RETURN_TYPE = YES_ERROR;
				GCC_WARN_UNDECLARED_SELECTOR = YES;
				GCC_WARN_UNINITIALIZED_AUTOS = YES_AGGRESSIVE;
				GCC_WARN_UNUSED_FUNCTION = YES;
				GCC_WARN_UNUSED_VARIABLE = YES;
				IPHONEOS_DEPLOYMENT_TARGET = 8.1;
				MTL_ENABLE_DEBUG_INFO = NO;
				SDKROOT = iphoneos;
				VALIDATE_PRODUCT = YES;
			};
			name = Release;
		};
		B12BCA981AAD79720050F2E1 /* Debug */ = {
			isa = XCBuildConfiguration;
			buildSettings = {
				ASSETCATALOG_COMPILER_APPICON_NAME = AppIcon;
				INFOPLIST_FILE = Happiness/Info.plist;
				LD_RUNPATH_SEARCH_PATHS = "$(inherited) @executable_path/Frameworks";
				PRODUCT_NAME = "$(TARGET_NAME)";
			};
			name = Debug;
		};
		B12BCA991AAD79720050F2E1 /* Release */ = {
			isa = XCBuildConfiguration;
			buildSettings = {
				ASSETCATALOG_COMPILER_APPICON_NAME = AppIcon;
				INFOPLIST_FILE = Happiness/Info.plist;
				LD_RUNPATH_SEARCH_PATHS = "$(inherited) @executable_path/Frameworks";
				PRODUCT_NAME = "$(TARGET_NAME)";
			};
			name = Release;
		};
		B12BCA9B1AAD79720050F2E1 /* Debug */ = {
			isa = XCBuildConfiguration;
			buildSettings = {
				BUNDLE_LOADER = "$(TEST_HOST)";
				FRAMEWORK_SEARCH_PATHS = (
					"$(SDKROOT)/Developer/Library/Frameworks",
					"$(inherited)",
				);
				GCC_PREPROCESSOR_DEFINITIONS = (
					"DEBUG=1",
					"$(inherited)",
				);
				INFOPLIST_FILE = HappinessTests/Info.plist;
				LD_RUNPATH_SEARCH_PATHS = "$(inherited) @executable_path/Frameworks @loader_path/Frameworks";
				PRODUCT_NAME = "$(TARGET_NAME)";
				TEST_HOST = "$(BUILT_PRODUCTS_DIR)/Happiness.app/Happiness";
			};
			name = Debug;
		};
		B12BCA9C1AAD79720050F2E1 /* Release */ = {
			isa = XCBuildConfiguration;
			buildSettings = {
				BUNDLE_LOADER = "$(TEST_HOST)";
				FRAMEWORK_SEARCH_PATHS = (
					"$(SDKROOT)/Developer/Library/Frameworks",
					"$(inherited)",
				);
				INFOPLIST_FILE = HappinessTests/Info.plist;
				LD_RUNPATH_SEARCH_PATHS = "$(inherited) @executable_path/Frameworks @loader_path/Frameworks";
				PRODUCT_NAME = "$(TARGET_NAME)";
				TEST_HOST = "$(BUILT_PRODUCTS_DIR)/Happiness.app/Happiness";
			};
			name = Release;
		};
/* End XCBuildConfiguration section */

/* Begin XCConfigurationList section */
		B12BCA6C1AAD79720050F2E1 /* Build configuration list for PBXProject "Happiness" */ = {
			isa = XCConfigurationList;
			buildConfigurations = (
				B12BCA951AAD79720050F2E1 /* Debug */,
				B12BCA961AAD79720050F2E1 /* Release */,
			);
			defaultConfigurationIsVisible = 0;
			defaultConfigurationName = Release;
		};
		B12BCA971AAD79720050F2E1 /* Build configuration list for PBXNativeTarget "Happiness" */ = {
			isa = XCConfigurationList;
			buildConfigurations = (
				B12BCA981AAD79720050F2E1 /* Debug */,
				B12BCA991AAD79720050F2E1 /* Release */,
			);
			defaultConfigurationIsVisible = 0;
		};
		B12BCA9A1AAD79720050F2E1 /* Build configuration list for PBXNativeTarget "HappinessTests" */ = {
			isa = XCConfigurationList;
			buildConfigurations = (
				B12BCA9B1AAD79720050F2E1 /* Debug */,
				B12BCA9C1AAD79720050F2E1 /* Release */,
			);
			defaultConfigurationIsVisible = 0;
		};
/* End XCConfigurationList section */

/* Begin XCVersionGroup section */
		B12BCA7B1AAD79720050F2E1 /* Happiness.xcdatamodeld */ = {
			isa = XCVersionGroup;
			children = (
				B12BCA7C1AAD79720050F2E1 /* Happiness.xcdatamodel */,
			);
			currentVersion = B12BCA7C1AAD79720050F2E1 /* Happiness.xcdatamodel */;
			path = Happiness.xcdatamodeld;
			sourceTree = "<group>";
			versionGroupType = wrapper.xcdatamodel;
		};
/* End XCVersionGroup section */
	};
	rootObject = B12BCA691AAD79720050F2E1 /* Project object */;
}
